
Microsoft Visual Studio Solution File, Format Version 12.00
# Visual Studio Version 16
VisualStudioVersion = 16.0.28803.202
MinimumVisualStudioVersion = 10.0.40219.1
Project("{FAE04EC0-301F-11D3-BF4B-00C04F79EFBC}") = "AsyncEverything.Core", "AsyncEverything.Core\AsyncEverything.Core.csproj", "{E4A47383-03E2-4AAB-9887-4A5367A73A3F}"
EndProject
Project("{FAE04EC0-301F-11D3-BF4B-00C04F79EFBC}") = "AsyncEverything.Core.Tests", "AsyncEverything.Core.Tests\AsyncEverything.Core.Tests.csproj", "{D65115DE-6004-4E50-9C63-ED0768F4AE7D}"
EndProject
Global
	GlobalSection(SolutionConfigurationPlatforms) = preSolution
		Debug|Any CPU = Debug|Any CPU
		Release|Any CPU = Release|Any CPU
	EndGlobalSection
	GlobalSection(ProjectConfigurationPlatforms) = postSolution
		{E4A47383-03E2-4AAB-9887-4A5367A73A3F}.Debug|Any CPU.ActiveCfg = Debug|Any CPU
		{E4A47383-03E2-4AAB-9887-4A5367A73A3F}.Debug|Any CPU.Build.0 = Debug|Any CPU
		{E4A47383-03E2-4AAB-9887-4A5367A73A3F}.Release|Any CPU.ActiveCfg = Release|Any CPU
		{E4A47383-03E2-4AAB-9887-4A5367A73A3F}.Release|Any CPU.Build.0 = Release|Any CPU
		{D65115DE-6004-4E50-9C63-ED0768F4AE7D}.Debug|Any CPU.ActiveCfg = Debug|Any CPU
		{D65115DE-6004-4E50-9C63-ED0768F4AE7D}.Debug|Any CPU.Build.0 = Debug|Any CPU
		{D65115DE-6004-4E50-9C63-ED0768F4AE7D}.Release|Any CPU.ActiveCfg = Release|Any CPU
		{D65115DE-6004-4E50-9C63-ED0768F4AE7D}.Release|Any CPU.Build.0 = Release|Any CPU
	EndGlobalSection
	GlobalSection(SolutionProperties) = preSolution
		HideSolutionNode = FALSE
	EndGlobalSection
	GlobalSection(ExtensibilityGlobals) = postSolution
		SolutionGuid = {CEBB98BC-9E74-43FF-981B-C0C72AF42F38}
	EndGlobalSection
EndGlobal
